
Microsoft Visual Studio Solution File, Format Version 12.00
# Visual Studio Version 17
VisualStudioVersion = 17.4.33403.182
MinimumVisualStudioVersion = 10.0.40219.1
Project("{9A19103F-16F7-4668-BE54-9A1E7A4F7556}") = "EnglishWordReminder", "EnglishWordReminder\EnglishWordReminder.csproj", "{F79AF27F-4002-4779-8284-ABA73313A317}"
EndProject
Project("{FAE04EC0-301F-11D3-BF4B-00C04F79EFBC}") = "EnglishWordReminder.Tests", "EnglishWordReminder.Tests\EnglishWordReminder.Tests.csproj", "{2C3F0ECF-F278-4704-9B54-174FF3844BEA}"
EndProject
Global
	GlobalSection(SolutionConfigurationPlatforms) = preSolution
		Debug|Any CPU = Debug|Any CPU
		Release|Any CPU = Release|Any CPU
	EndGlobalSection
	GlobalSection(ProjectConfigurationPlatforms) = postSolution
		{F79AF27F-4002-4779-8284-ABA73313A317}.Debug|Any CPU.ActiveCfg = Debug|Any CPU
		{F79AF27F-4002-4779-8284-ABA73313A317}.Debug|Any CPU.Build.0 = Debug|Any CPU
		{F79AF27F-4002-4779-8284-ABA73313A317}.Release|Any CPU.ActiveCfg = Release|Any CPU
		{F79AF27F-4002-4779-8284-ABA73313A317}.Release|Any CPU.Build.0 = Release|Any CPU
		{2C3F0ECF-F278-4704-9B54-174FF3844BEA}.Debug|Any CPU.ActiveCfg = Debug|Any CPU
		{2C3F0ECF-F278-4704-9B54-174FF3844BEA}.Debug|Any CPU.Build.0 = Debug|Any CPU
		{2C3F0ECF-F278-4704-9B54-174FF3844BEA}.Release|Any CPU.ActiveCfg = Release|Any CPU
		{2C3F0ECF-F278-4704-9B54-174FF3844BEA}.Release|Any CPU.Build.0 = Release|Any CPU
	EndGlobalSection
	GlobalSection(SolutionProperties) = preSolution
		HideSolutionNode = FALSE
	EndGlobalSection
	GlobalSection(ExtensibilityGlobals) = postSolution
		SolutionGuid = {46E81309-0B3F-4AE6-8A81-3345D48CF317}
	EndGlobalSection
EndGlobal
